# This file is autogenerated, do not edit; changes may be undone by the next 'dep ensure'.


[[projects]]
  name = "github.com/gorilla/websocket"
  packages = ["."]
  revision = "ea4d1f681babbce9545c9c5f3d5194a789c89f5b"
  version = "v1.2.0"

[[projects]]
  name = "github.com/guregu/null"
  packages = ["."]
  revision = "e81d6d8d57747b34d7c5fe0d20ebf57692f04ea9"
  version = "v3.3.0"

[[projects]]
  branch = "master"
  name = "github.com/sunmyinf/go-workplace"
  packages = [
    "decode",
    "webhook"
  ]
  revision = "86c9ad65eb27d2b1ff393b22578aa41376b871aa"

[solve-meta]
  analyzer-name = "dep"
  analyzer-version = 1
  inputs-digest = "4d05924f2c5da38b8540ebd223cf03c7f7f9f44f1aa7de0ebf303e87f1700a35"
  solver-name = "gps-cdcl"
  solver-version = 1
